// !$*UTF8*$!
{
	archiveVersion = 1;
	classes = {
	};
	objectVersion = 46;
	objects = {

/* Begin PBXBuildFile section */
		3D9FB162A046396F6104B066 /* libPods-ZipSwift.a in Frameworks */ = {isa = PBXBuildFile; fileRef = B638FFBD2C4707474B437615 /* libPods-ZipSwift.a */; };
		C70C603A1A95285D002A8773 /* AppDelegate.swift in Sources */ = {isa = PBXBuildFile; fileRef = C70C60391A95285D002A8773 /* AppDelegate.swift */; };
		C70C603C1A95285D002A8773 /* ViewController.swift in Sources */ = {isa = PBXBuildFile; fileRef = C70C603B1A95285D002A8773 /* ViewController.swift */; };
		C70C603F1A95285D002A8773 /* Main.storyboard in Resources */ = {isa = PBXBuildFile; fileRef = C70C603D1A95285D002A8773 /* Main.storyboard */; };
		C70C60411A95285D002A8773 /* Images.xcassets in Resources */ = {isa = PBXBuildFile; fileRef = C70C60401A95285D002A8773 /* Images.xcassets */; };
		C70C60441A95285D002A8773 /* LaunchScreen.xib in Resources */ = {isa = PBXBuildFile; fileRef = C70C60421A95285D002A8773 /* LaunchScreen.xib */; };
		C70C60501A95285D002A8773 /* ZipSwiftTests.swift in Sources */ = {isa = PBXBuildFile; fileRef = C70C604F1A95285D002A8773 /* ZipSwiftTests.swift */; };
		C7FE30B41A953568009EAD1C /* SystemConfiguration.framework in Frameworks */ = {isa = PBXBuildFile; fileRef = C7FE30B31A953568009EAD1C /* SystemConfiguration.framework */; };
		C7FE30B61A953571009EAD1C /* MobileCoreServices.framework in Frameworks */ = {isa = PBXBuildFile; fileRef = C7FE30B51A953571009EAD1C /* MobileCoreServices.framework */; };
		C7FE30B81A953A63009EAD1C /* Place.swift in Sources */ = {isa = PBXBuildFile; fileRef = C7FE30B71A953A63009EAD1C /* Place.swift */; };
		C7FE30BA1A9664FE009EAD1C /* MapKit.framework in Frameworks */ = {isa = PBXBuildFile; fileRef = C7FE30B91A9664FE009EAD1C /* MapKit.framework */; };
/* End PBXBuildFile section */

/* Begin PBXContainerItemProxy section */
		C70C604A1A95285D002A8773 /* PBXContainerItemProxy */ = {
			isa = PBXContainerItemProxy;
			containerPortal = C70C602C1A95285D002A8773 /* Project object */;
			proxyType = 1;
			remoteGlobalIDString = C70C60331A95285D002A8773;
			remoteInfo = ZipSwift;
		};
/* End PBXContainerItemProxy section */

/* Begin PBXFileReference section */
		15D745249B3C2653D8FE8CF2 /* Pods-ZipSwift.debug.xcconfig */ = {isa = PBXFileReference; includeInIndex = 1; lastKnownFileType = text.xcconfig; name = "Pods-ZipSwift.debug.xcconfig"; path = "Pods/Target Support Files/Pods-ZipSwift/Pods-ZipSwift.debug.xcconfig"; sourceTree = "<group>"; };
		B638FFBD2C4707474B437615 /* libPods-ZipSwift.a */ = {isa = PBXFileReference; explicitFileType = archive.ar; includeInIndex = 0; path = "libPods-ZipSwift.a"; sourceTree = BUILT_PRODUCTS_DIR; };
		B9F63B8820DDB3BFF8B4465A /* Pods-ZipSwift.release.xcconfig */ = {isa = PBXFileReference; includeInIndex = 1; lastKnownFileType = text.xcconfig; name = "Pods-ZipSwift.release.xcconfig"; path = "Pods/Target Support Files/Pods-ZipSwift/Pods-ZipSwift.release.xcconfig"; sourceTree = "<group>"; };
		C70C60341A95285D002A8773 /* ZipSwift.app */ = {isa = PBXFileReference; explicitFileType = wrapper.application; includeInIndex = 0; path = ZipSwift.app; sourceTree = BUILT_PRODUCTS_DIR; };
		C70C60381A95285D002A8773 /* Info.plist */ = {isa = PBXFileReference; lastKnownFileType = text.plist.xml; path = Info.plist; sourceTree = "<group>"; };
		C70C60391A95285D002A8773 /* AppDelegate.swift */ = {isa = PBXFileReference; lastKnownFileType = sourcecode.swift; path = AppDelegate.swift; sourceTree = "<group>"; };
		C70C603B1A95285D002A8773 /* ViewController.swift */ = {isa = PBXFileReference; lastKnownFileType = sourcecode.swift; path = ViewController.swift; sourceTree = "<group>"; };
		C70C603E1A95285D002A8773 /* Base */ = {isa = PBXFileReference; lastKnownFileType = file.storyboard; name = Base; path = Base.lproj/Main.storyboard; sourceTree = "<group>"; };
		C70C60401A95285D002A8773 /* Images.xcassets */ = {isa = PBXFileReference; lastKnownFileType = folder.assetcatalog; path = Images.xcassets; sourceTree = "<group>"; };
		C70C60431A95285D002A8773 /* Base */ = {isa = PBXFileReference; lastKnownFileType = file.xib; name = Base; path = Base.lproj/LaunchScreen.xib; sourceTree = "<group>"; };
		C70C60491A95285D002A8773 /* ZipSwiftTests.xctest */ = {isa = PBXFileReference; explicitFileType = wrapper.cfbundle; includeInIndex = 0; path = ZipSwiftTests.xctest; sourceTree = BUILT_PRODUCTS_DIR; };
		C70C604E1A95285D002A8773 /* Info.plist */ = {isa = PBXFileReference; lastKnownFileType = text.plist.xml; path = Info.plist; sourceTree = "<group>"; };
		C70C604F1A95285D002A8773 /* ZipSwiftTests.swift */ = {isa = PBXFileReference; lastKnownFileType = sourcecode.swift; path = ZipSwiftTests.swift; sourceTree = "<group>"; };
		C7FE30B21A9533DE009EAD1C /* ZipSwift-Bridging-Header.h */ = {isa = PBXFileReference; lastKnownFileType = sourcecode.c.h; path = "ZipSwift-Bridging-Header.h"; sourceTree = "<group>"; };
		C7FE30B31A953568009EAD1C /* SystemConfiguration.framework */ = {isa = PBXFileReference; lastKnownFileType = wrapper.framework; name = SystemConfiguration.framework; path = System/Library/Frameworks/SystemConfiguration.framework; sourceTree = SDKROOT; };
		C7FE30B51A953571009EAD1C /* MobileCoreServices.framework */ = {isa = PBXFileReference; lastKnownFileType = wrapper.framework; name = MobileCoreServices.framework; path = System/Library/Frameworks/MobileCoreServices.framework; sourceTree = SDKROOT; };
		C7FE30B71A953A63009EAD1C /* Place.swift */ = {isa = PBXFileReference; fileEncoding = 4; lastKnownFileType = sourcecode.swift; path = Place.swift; sourceTree = "<group>"; };
		C7FE30B91A9664FE009EAD1C /* MapKit.framework */ = {isa = PBXFileReference; lastKnownFileType = wrapper.framework; name = MapKit.framework; path = System/Library/Frameworks/MapKit.framework; sourceTree = SDKROOT; };
/* End PBXFileReference section */

/* Begin PBXFrameworksBuildPhase section */
		C70C60311A95285D002A8773 /* Frameworks */ = {
			isa = PBXFrameworksBuildPhase;
			buildActionMask = 2147483647;
			files = (
				C7FE30BA1A9664FE009EAD1C /* MapKit.framework in Frameworks */,
				C7FE30B61A953571009EAD1C /* MobileCoreServices.framework in Frameworks */,
				C7FE30B41A953568009EAD1C /* SystemConfiguration.framework in Frameworks */,
				3D9FB162A046396F6104B066 /* libPods-ZipSwift.a in Frameworks */,
			);
			runOnlyForDeploymentPostprocessing = 0;
		};
		C70C60461A95285D002A8773 /* Frameworks */ = {
			isa = PBXFrameworksBuildPhase;
			buildActionMask = 2147483647;
			files = (
			);
			runOnlyForDeploymentPostprocessing = 0;
		};
/* End PBXFrameworksBuildPhase section */

/* Begin PBXGroup section */
		C70C602B1A95285D002A8773 = {
			isa = PBXGroup;
			children = (
				C70C60361A95285D002A8773 /* ZipSwift */,
				C70C604C1A95285D002A8773 /* ZipSwiftTests */,
				C70C60351A95285D002A8773 /* Products */,
				ECDE29717886B622B1EF2233 /* Pods */,
				F6E1171D4D68298ADF6DBD5E /* Frameworks */,
			);
			sourceTree = "<group>";
		};
		C70C60351A95285D002A8773 /* Products */ = {
			isa = PBXGroup;
			children = (
				C70C60341A95285D002A8773 /* ZipSwift.app */,
				C70C60491A95285D002A8773 /* ZipSwiftTests.xctest */,
			);
			name = Products;
			sourceTree = "<group>";
		};
		C70C60361A95285D002A8773 /* ZipSwift */ = {
			isa = PBXGroup;
			children = (
				C70C60391A95285D002A8773 /* AppDelegate.swift */,
				C70C603B1A95285D002A8773 /* ViewController.swift */,
				C70C603D1A95285D002A8773 /* Main.storyboard */,
				C70C60401A95285D002A8773 /* Images.xcassets */,
				C70C60421A95285D002A8773 /* LaunchScreen.xib */,
				C70C60371A95285D002A8773 /* Supporting Files */,
				C7FE30B21A9533DE009EAD1C /* ZipSwift-Bridging-Header.h */,
				C7FE30B71A953A63009EAD1C /* Place.swift */,
			);
			path = ZipSwift;
			sourceTree = "<group>";
		};
		C70C60371A95285D002A8773 /* Supporting Files */ = {
			isa = PBXGroup;
			children = (
				C70C60381A95285D002A8773 /* Info.plist */,
			);
			name = "Supporting Files";
			sourceTree = "<group>";
		};
		C70C604C1A95285D002A8773 /* ZipSwiftTests */ = {
			isa = PBXGroup;
			children = (
				C70C604F1A95285D002A8773 /* ZipSwiftTests.swift */,
				C70C604D1A95285D002A8773 /* Supporting Files */,
			);
			path = ZipSwiftTests;
			sourceTree = "<group>";
		};
		C70C604D1A95285D002A8773 /* Supporting Files */ = {
			isa = PBXGroup;
			children = (
				C70C604E1A95285D002A8773 /* Info.plist */,
			);
			name = "Supporting Files";
			sourceTree = "<group>";
		};
		ECDE29717886B622B1EF2233 /* Pods */ = {
			isa = PBXGroup;
			children = (
				15D745249B3C2653D8FE8CF2 /* Pods-ZipSwift.debug.xcconfig */,
				B9F63B8820DDB3BFF8B4465A /* Pods-ZipSwift.release.xcconfig */,
			);
			name = Pods;
			sourceTree = "<group>";
		};
		F6E1171D4D68298ADF6DBD5E /* Frameworks */ = {
			isa = PBXGroup;
			children = (
				C7FE30B91A9664FE009EAD1C /* MapKit.framework */,
				C7FE30B51A953571009EAD1C /* MobileCoreServices.framework */,
				C7FE30B31A953568009EAD1C /* SystemConfiguration.framework */,
				B638FFBD2C4707474B437615 /* libPods-ZipSwift.a */,
			);
			name = Frameworks;
			sourceTree = "<group>";
		};
/* End PBXGroup section */

/* Begin PBXNativeTarget section */
		C70C60331A95285D002A8773 /* ZipSwift */ = {
			isa = PBXNativeTarget;
			buildConfigurationList = C70C60531A95285D002A8773 /* Build configuration list for PBXNativeTarget "ZipSwift" */;
			buildPhases = (
				EF8A02EDE92607ACF75505D3 /* Check Pods Manifest.lock */,
				C70C60301A95285D002A8773 /* Sources */,
				C70C60311A95285D002A8773 /* Frameworks */,
				C70C60321A95285D002A8773 /* Resources */,
				C2FF56BA525FBE2BBE5211D2 /* Copy Pods Resources */,
			);
			buildRules = (
			);
			dependencies = (
			);
			name = ZipSwift;
			productName = ZipSwift;
			productReference = C70C60341A95285D002A8773 /* ZipSwift.app */;
			productType = "com.apple.product-type.application";
		};
		C70C60481A95285D002A8773 /* ZipSwiftTests */ = {
			isa = PBXNativeTarget;
			buildConfigurationList = C70C60561A95285D002A8773 /* Build configuration list for PBXNativeTarget "ZipSwiftTests" */;
			buildPhases = (
				C70C60451A95285D002A8773 /* Sources */,
				C70C60461A95285D002A8773 /* Frameworks */,
				C70C60471A95285D002A8773 /* Resources */,
			);
			buildRules = (
			);
			dependencies = (
				C70C604B1A95285D002A8773 /* PBXTargetDependency */,
			);
			name = ZipSwiftTests;
			productName = ZipSwiftTests;
			productReference = C70C60491A95285D002A8773 /* ZipSwiftTests.xctest */;
			productType = "com.apple.product-type.bundle.unit-test";
		};
/* End PBXNativeTarget section */

/* Begin PBXProject section */
		C70C602C1A95285D002A8773 /* Project object */ = {
			isa = PBXProject;
			attributes = {
				LastUpgradeCheck = 0630;
				ORGANIZATIONNAME = "Coding in Shades";
				TargetAttributes = {
					C70C60331A95285D002A8773 = {
						CreatedOnToolsVersion = 6.3;
					};
					C70C60481A95285D002A8773 = {
						CreatedOnToolsVersion = 6.3;
						TestTargetID = C70C60331A95285D002A8773;
					};
				};
			};
			buildConfigurationList = C70C602F1A95285D002A8773 /* Build configuration list for PBXProject "ZipSwift" */;
			compatibilityVersion = "Xcode 3.2";
			developmentRegion = English;
			hasScannedForEncodings = 0;
			knownRegions = (
				en,
				Base,
			);
			mainGroup = C70C602B1A95285D002A8773;
			productRefGroup = C70C60351A95285D002A8773 /* Products */;
			projectDirPath = "";
			projectRoot = "";
			targets = (
				C70C60331A95285D002A8773 /* ZipSwift */,
				C70C60481A95285D002A8773 /* ZipSwiftTests */,
			);
		};
/* End PBXProject section */

/* Begin PBXResourcesBuildPhase section */
		C70C60321A95285D002A8773 /* Resources */ = {
			isa = PBXResourcesBuildPhase;
			buildActionMask = 2147483647;
			files = (
				C70C603F1A95285D002A8773 /* Main.storyboard in Resources */,
				C70C60441A95285D002A8773 /* LaunchScreen.xib in Resources */,
				C70C60411A95285D002A8773 /* Images.xcassets in Resources */,
			);
			runOnlyForDeploymentPostprocessing = 0;
		};
		C70C60471A95285D002A8773 /* Resources */ = {
			isa = PBXResourcesBuildPhase;
			buildActionMask = 2147483647;
			files = (
			);
			runOnlyForDeploymentPostprocessing = 0;
		};
/* End PBXResourcesBuildPhase section */

/* Begin PBXShellScriptBuildPhase section */
		C2FF56BA525FBE2BBE5211D2 /* Copy Pods Resources */ = {
			isa = PBXShellScriptBuildPhase;
			buildActionMask = 2147483647;
			files = (
			);
			inputPaths = (
			);
			name = "Copy Pods Resources";
			outputPaths = (
			);
			runOnlyForDeploymentPostprocessing = 0;
			shellPath = /bin/sh;
			shellScript = "\"${SRCROOT}/Pods/Target Support Files/Pods-ZipSwift/Pods-ZipSwift-resources.sh\"\n";
			showEnvVarsInLog = 0;
		};
		EF8A02EDE92607ACF75505D3 /* Check Pods Manifest.lock */ = {
			isa = PBXShellScriptBuildPhase;
			buildActionMask = 2147483647;
			files = (
			);
			inputPaths = (
			);
			name = "Check Pods Manifest.lock";
			outputPaths = (
			);
			runOnlyForDeploymentPostprocessing = 0;
			shellPath = /bin/sh;
			shellScript = "diff \"${PODS_ROOT}/../Podfile.lock\" \"${PODS_ROOT}/Manifest.lock\" > /dev/null\nif [[ $? != 0 ]] ; then\n    cat << EOM\nerror: The sandbox is not in sync with the Podfile.lock. Run 'pod install' or update your CocoaPods installation.\nEOM\n    exit 1\nfi\n";
			showEnvVarsInLog = 0;
		};
/* End PBXShellScriptBuildPhase section */

/* Begin PBXSourcesBuildPhase section */
		C70C60301A95285D002A8773 /* Sources */ = {
			isa = PBXSourcesBuildPhase;
			buildActionMask = 2147483647;
			files = (
				C7FE30B81A953A63009EAD1C /* Place.swift in Sources */,
				C70C603C1A95285D002A8773 /* ViewController.swift in Sources */,
				C70C603A1A95285D002A8773 /* AppDelegate.swift in Sources */,
			);
			runOnlyForDeploymentPostprocessing = 0;
		};
		C70C60451A95285D002A8773 /* Sources */ = {
			isa = PBXSourcesBuildPhase;
			buildActionMask = 2147483647;
			files = (
				C70C60501A95285D002A8773 /* ZipSwiftTests.swift in Sources */,
			);
			runOnlyForDeploymentPostprocessing = 0;
		};
/* End PBXSourcesBuildPhase section */

/* Begin PBXTargetDependency section */
		C70C604B1A95285D002A8773 /* PBXTargetDependency */ = {
			isa = PBXTargetDependency;
			target = C70C60331A95285D002A8773 /* ZipSwift */;
			targetProxy = C70C604A1A95285D002A8773 /* PBXContainerItemProxy */;
		};
/* End PBXTargetDependency section */

/* Begin PBXVariantGroup section */
		C70C603D1A95285D002A8773 /* Main.storyboard */ = {
			isa = PBXVariantGroup;
			children = (
				C70C603E1A95285D002A8773 /* Base */,
			);
			name = Main.storyboard;
			sourceTree = "<group>";
		};
		C70C60421A95285D002A8773 /* LaunchScreen.xib */ = {
			isa = PBXVariantGroup;
			children = (
				C70C60431A95285D002A8773 /* Base */,
			);
			name = LaunchScreen.xib;
			sourceTree = "<group>";
		};
/* End PBXVariantGroup section */

/* Begin XCBuildConfiguration section */
		C70C60511A95285D002A8773 /* Debug */ = {
			isa = XCBuildConfiguration;
			buildSettings = {
				ALWAYS_SEARCH_USER_PATHS = NO;
				CLANG_CXX_LANGUAGE_STANDARD = "gnu++0x";
				CLANG_CXX_LIBRARY = "libc++";
				CLANG_ENABLE_MODULES = YES;
				CLANG_ENABLE_OBJC_ARC = YES;
				CLANG_WARN_BOOL_CONVERSION = YES;
				CLANG_WARN_CONSTANT_CONVERSION = YES;
				CLANG_WARN_DIRECT_OBJC_ISA_USAGE = YES_ERROR;
				CLANG_WARN_EMPTY_BODY = YES;
				CLANG_WARN_ENUM_CONVERSION = YES;
				CLANG_WARN_INT_CONVERSION = YES;
				CLANG_WARN_OBJC_ROOT_CLASS = YES_ERROR;
				CLANG_WARN_UNREACHABLE_CODE = YES;
				CLANG_WARN__DUPLICATE_METHOD_MATCH = YES;
				"CODE_SIGN_IDENTITY[sdk=iphoneos*]" = "iPhone Developer";
				COPY_PHASE_STRIP = NO;
				DEBUG_INFORMATION_FORMAT = dwarf;
				ENABLE_STRICT_OBJC_MSGSEND = YES;
				GCC_C_LANGUAGE_STANDARD = gnu99;
				GCC_DYNAMIC_NO_PIC = NO;
				GCC_OPTIMIZATION_LEVEL = 0;
				GCC_PREPROCESSOR_DEFINITIONS = (
					"DEBUG=1",
					"$(inherited)",
				);
				GCC_SYMBOLS_PRIVATE_EXTERN = NO;
				GCC_WARN_64_TO_32_BIT_CONVERSION = YES;
				GCC_WARN_ABOUT_RETURN_TYPE = YES_ERROR;
				GCC_WARN_UNDECLARED_SELECTOR = YES;
				GCC_WARN_UNINITIALIZED_AUTOS = YES_AGGRESSIVE;
				GCC_WARN_UNUSED_FUNCTION = YES;
				GCC_WARN_UNUSED_VARIABLE = YES;
				IPHONEOS_DEPLOYMENT_TARGET = 7.0;
				MTL_ENABLE_DEBUG_INFO = YES;
				ONLY_ACTIVE_ARCH = YES;
				SDKROOT = iphoneos;
				SWIFT_OPTIMIZATION_LEVEL = "-Onone";
			};
			name = Debug;
		};
		C70C60521A95285D002A8773 /* Release */ = {
			isa = XCBuildConfiguration;
			buildSettings = {
				ALWAYS_SEARCH_USER_PATHS = NO;
				CLANG_CXX_LANGUAGE_STANDARD = "gnu++0x";
				CLANG_CXX_LIBRARY = "libc++";
				CLANG_ENABLE_MODULES = YES;
				CLANG_ENABLE_OBJC_ARC = YES;
				CLANG_WARN_BOOL_CONVERSION = YES;
				CLANG_WARN_CONSTANT_CONVERSION = YES;
				CLANG_WARN_DIRECT_OBJC_ISA_USAGE = YES_ERROR;
				CLANG_WARN_EMPTY_BODY = YES;
				CLANG_WARN_ENUM_CONVERSION = YES;
				CLANG_WARN_INT_CONVERSION = YES;
				CLANG_WARN_OBJC_ROOT_CLASS = YES_ERROR;
				CLANG_WARN_UNREACHABLE_CODE = YES;
				CLANG_WARN__DUPLICATE_METHOD_MATCH = YES;
				"CODE_SIGN_IDENTITY[sdk=iphoneos*]" = "iPhone Developer";
				COPY_PHASE_STRIP = NO;
				DEBUG_INFORMATION_FORMAT = "dwarf-with-dsym";
				ENABLE_NS_ASSERTIONS = NO;
				ENABLE_STRICT_OBJC_MSGSEND = YES;
				GCC_C_LANGUAGE_STANDARD = gnu99;
				GCC_WARN_64_TO_32_BIT_CONVERSION = YES;
				GCC_WARN_ABOUT_RETURN_TYPE = YES_ERROR;
				GCC_WARN_UNDECLARED_SELECTOR = YES;
				GCC_WARN_UNINITIALIZED_AUTOS = YES_AGGRESSIVE;
				GCC_WARN_UNUSED_FUNCTION = YES;
				GCC_WARN_UNUSED_VARIABLE = YES;
				IPHONEOS_DEPLOYMENT_TARGET = 7.0;
				MTL_ENABLE_DEBUG_INFO = NO;
				SDKROOT = iphoneos;
				VALIDATE_PRODUCT = YES;
			};
			name = Release;
		};
		C70C60541A95285D002A8773 /* Debug */ = {
			isa = XCBuildConfiguration;
			baseConfigurationReference = 15D745249B3C2653D8FE8CF2 /* Pods-ZipSwift.debug.xcconfig */;
			buildSettings = {
				ASSETCATALOG_COMPILER_APPICON_NAME = AppIcon;
				INFOPLIST_FILE = ZipSwift/Info.plist;
				LD_RUNPATH_SEARCH_PATHS = "$(inherited) @executable_path/Frameworks";
				PRODUCT_NAME = "$(TARGET_NAME)";
				SWIFT_OBJC_BRIDGING_HEADER = "ZipSwift/ZipSwift-Bridging-Header.h";
			};
			name = Debug;
		};
		C70C60551A95285D002A8773 /* Release */ = {
			isa = XCBuildConfiguration;
			baseConfigurationReference = B9F63B8820DDB3BFF8B4465A /* Pods-ZipSwift.release.xcconfig */;
			buildSettings = {
				ASSETCATALOG_COMPILER_APPICON_NAME = AppIcon;
				INFOPLIST_FILE = ZipSwift/Info.plist;
				LD_RUNPATH_SEARCH_PATHS = "$(inherited) @executable_path/Frameworks";
				PRODUCT_NAME = "$(TARGET_NAME)";
				SWIFT_OBJC_BRIDGING_HEADER = "ZipSwift/ZipSwift-Bridging-Header.h";
			};
			name = Release;
		};
		C70C60571A95285D002A8773 /* Debug */ = {
			isa = XCBuildConfiguration;
			buildSettings = {
				BUNDLE_LOADER = "$(TEST_HOST)";
				FRAMEWORK_SEARCH_PATHS = (
					"$(SDKROOT)/Developer/Library/Frameworks",
					"$(inherited)",
				);
				GCC_PREPROCESSOR_DEFINITIONS = (
					"DEBUG=1",
					"$(inherited)",
				);
				INFOPLIST_FILE = ZipSwiftTests/Info.plist;
				LD_RUNPATH_SEARCH_PATHS = "$(inherited) @executable_path/Frameworks @loader_path/Frameworks";
				PRODUCT_NAME = "$(TARGET_NAME)";
				TEST_HOST = "$(BUILT_PRODUCTS_DIR)/ZipSwift.app/ZipSwift";
			};
			name = Debug;
		};
		C70C60581A95285D002A8773 /* Release */ = {
			isa = XCBuildConfiguration;
			buildSettings = {
				BUNDLE_LOADER = "$(TEST_HOST)";
				FRAMEWORK_SEARCH_PATHS = (
					"$(SDKROOT)/Developer/Library/Frameworks",
					"$(inherited)",
				);
				INFOPLIST_FILE = ZipSwiftTests/Info.plist;
				LD_RUNPATH_SEARCH_PATHS = "$(inherited) @executable_path/Frameworks @loader_path/Frameworks";
				PRODUCT_NAME = "$(TARGET_NAME)";
				TEST_HOST = "$(BUILT_PRODUCTS_DIR)/ZipSwift.app/ZipSwift";
			};
			name = Release;
		};
/* End XCBuildConfiguration section */

/* Begin XCConfigurationList section */
		C70C602F1A95285D002A8773 /* Build configuration list for PBXProject "ZipSwift" */ = {
			isa = XCConfigurationList;
			buildConfigurations = (
				C70C60511A95285D002A8773 /* Debug */,
				C70C60521A95285D002A8773 /* Release */,
			);
			defaultConfigurationIsVisible = 0;
			defaultConfigurationName = Release;
		};
		C70C60531A95285D002A8773 /* Build configuration list for PBXNativeTarget "ZipSwift" */ = {
			isa = XCConfigurationList;
			buildConfigurations = (
				C70C60541A95285D002A8773 /* Debug */,
				C70C60551A95285D002A8773 /* Release */,
			);
			defaultConfigurationIsVisible = 0;
			defaultConfigurationName = Release;
		};
		C70C60561A95285D002A8773 /* Build configuration list for PBXNativeTarget "ZipSwiftTests" */ = {
			isa = XCConfigurationList;
			buildConfigurations = (
				C70C60571A95285D002A8773 /* Debug */,
				C70C60581A95285D002A8773 /* Release */,
			);
			defaultConfigurationIsVisible = 0;
			defaultConfigurationName = Release;
		};
/* End XCConfigurationList section */
	};
	rootObject = C70C602C1A95285D002A8773 /* Project object */;
}
